// !$*UTF8*$!
{
	archiveVersion = 1;
	classes = {
	};
	objectVersion = 46;
	objects = {

/* Begin PBXBuildFile section */
		3C1021DC1DD2BAB30053F537 /* AppDelegate.swift in Sources */ = {isa = PBXBuildFile; fileRef = 3C1021DB1DD2BAB30053F537 /* AppDelegate.swift */; };
		3C1021DE1DD2BAB30053F537 /* ViewController.swift in Sources */ = {isa = PBXBuildFile; fileRef = 3C1021DD1DD2BAB30053F537 /* ViewController.swift */; };
		3C1021E11DD2BAB30053F537 /* Main.storyboard in Resources */ = {isa = PBXBuildFile; fileRef = 3C1021DF1DD2BAB30053F537 /* Main.storyboard */; };
		3C1021E31DD2BAB30053F537 /* Assets.xcassets in Resources */ = {isa = PBXBuildFile; fileRef = 3C1021E21DD2BAB30053F537 /* Assets.xcassets */; };
		3C1021E61DD2BAB30053F537 /* LaunchScreen.storyboard in Resources */ = {isa = PBXBuildFile; fileRef = 3C1021E41DD2BAB30053F537 /* LaunchScreen.storyboard */; };
		3C1021EE1DD2BB1E0053F537 /* ZKZCircleAdver.swift in Sources */ = {isa = PBXBuildFile; fileRef = 3C1021ED1DD2BB1E0053F537 /* ZKZCircleAdver.swift */; };
		3C5E49161DD4473400840D34 /* AnimatedImageView.swift in Sources */ = {isa = PBXBuildFile; fileRef = 3C5E49011DD4473400840D34 /* AnimatedImageView.swift */; };
		3C5E49171DD4473400840D34 /* Box.swift in Sources */ = {isa = PBXBuildFile; fileRef = 3C5E49021DD4473400840D34 /* Box.swift */; };
		3C5E49181DD4473400840D34 /* CacheSerializer.swift in Sources */ = {isa = PBXBuildFile; fileRef = 3C5E49031DD4473400840D34 /* CacheSerializer.swift */; };
		3C5E49191DD4473400840D34 /* Filter.swift in Sources */ = {isa = PBXBuildFile; fileRef = 3C5E49041DD4473400840D34 /* Filter.swift */; };
		3C5E491A1DD4473400840D34 /* Image.swift in Sources */ = {isa = PBXBuildFile; fileRef = 3C5E49051DD4473400840D34 /* Image.swift */; };
		3C5E491B1DD4473400840D34 /* ImageCache.swift in Sources */ = {isa = PBXBuildFile; fileRef = 3C5E49061DD4473400840D34 /* ImageCache.swift */; };
		3C5E491C1DD4473400840D34 /* ImageDownloader.swift in Sources */ = {isa = PBXBuildFile; fileRef = 3C5E49071DD4473400840D34 /* ImageDownloader.swift */; };
		3C5E491D1DD4473400840D34 /* ImagePrefetcher.swift in Sources */ = {isa = PBXBuildFile; fileRef = 3C5E49081DD4473400840D34 /* ImagePrefetcher.swift */; };
		3C5E491E1DD4473400840D34 /* ImageProcessor.swift in Sources */ = {isa = PBXBuildFile; fileRef = 3C5E49091DD4473400840D34 /* ImageProcessor.swift */; };
		3C5E491F1DD4473400840D34 /* ImageTransition.swift in Sources */ = {isa = PBXBuildFile; fileRef = 3C5E490A1DD4473400840D34 /* ImageTransition.swift */; };
		3C5E49201DD4473400840D34 /* ImageView+Kingfisher.swift in Sources */ = {isa = PBXBuildFile; fileRef = 3C5E490B1DD4473400840D34 /* ImageView+Kingfisher.swift */; };
		3C5E49211DD4473400840D34 /* Indicator.swift in Sources */ = {isa = PBXBuildFile; fileRef = 3C5E490C1DD4473400840D34 /* Indicator.swift */; };
		3C5E49221DD4473400840D34 /* Kingfisher.swift in Sources */ = {isa = PBXBuildFile; fileRef = 3C5E490E1DD4473400840D34 /* Kingfisher.swift */; };
		3C5E49231DD4473400840D34 /* KingfisherManager.swift in Sources */ = {isa = PBXBuildFile; fileRef = 3C5E490F1DD4473400840D34 /* KingfisherManager.swift */; };
		3C5E49241DD4473400840D34 /* KingfisherOptionsInfo.swift in Sources */ = {isa = PBXBuildFile; fileRef = 3C5E49101DD4473400840D34 /* KingfisherOptionsInfo.swift */; };
		3C5E49251DD4473400840D34 /* RequrstModifier.swift in Sources */ = {isa = PBXBuildFile; fileRef = 3C5E49111DD4473400840D34 /* RequrstModifier.swift */; };
		3C5E49261DD4473400840D34 /* Resource.swift in Sources */ = {isa = PBXBuildFile; fileRef = 3C5E49121DD4473400840D34 /* Resource.swift */; };
		3C5E49271DD4473400840D34 /* String+MD5.swift in Sources */ = {isa = PBXBuildFile; fileRef = 3C5E49131DD4473400840D34 /* String+MD5.swift */; };
		3C5E49281DD4473400840D34 /* ThreadHelper.swift in Sources */ = {isa = PBXBuildFile; fileRef = 3C5E49141DD4473400840D34 /* ThreadHelper.swift */; };
		3C5E49291DD4473400840D34 /* UIButton+Kingfisher.swift in Sources */ = {isa = PBXBuildFile; fileRef = 3C5E49151DD4473400840D34 /* UIButton+Kingfisher.swift */; };
		3C977D311DD5BFC20020E0B0 /* 1213.jpg in Resources */ = {isa = PBXBuildFile; fileRef = 3C977D301DD5BFC20020E0B0 /* 1213.jpg */; };
/* End PBXBuildFile section */

/* Begin PBXFileReference section */
		3C1021D81DD2BAB30053F537 /* 广告滚动.app */ = {isa = PBXFileReference; explicitFileType = wrapper.application; includeInIndex = 0; path = "广告滚动.app"; sourceTree = BUILT_PRODUCTS_DIR; };
		3C1021DB1DD2BAB30053F537 /* AppDelegate.swift */ = {isa = PBXFileReference; lastKnownFileType = sourcecode.swift; path = AppDelegate.swift; sourceTree = "<group>"; };
		3C1021DD1DD2BAB30053F537 /* ViewController.swift */ = {isa = PBXFileReference; lastKnownFileType = sourcecode.swift; path = ViewController.swift; sourceTree = "<group>"; };
		3C1021E01DD2BAB30053F537 /* Base */ = {isa = PBXFileReference; lastKnownFileType = file.storyboard; name = Base; path = Base.lproj/Main.storyboard; sourceTree = "<group>"; };
		3C1021E21DD2BAB30053F537 /* Assets.xcassets */ = {isa = PBXFileReference; lastKnownFileType = folder.assetcatalog; path = Assets.xcassets; sourceTree = "<group>"; };
		3C1021E51DD2BAB30053F537 /* Base */ = {isa = PBXFileReference; lastKnownFileType = file.storyboard; name = Base; path = Base.lproj/LaunchScreen.storyboard; sourceTree = "<group>"; };
		3C1021E71DD2BAB30053F537 /* Info.plist */ = {isa = PBXFileReference; lastKnownFileType = text.plist.xml; path = Info.plist; sourceTree = "<group>"; };
		3C1021ED1DD2BB1E0053F537 /* ZKZCircleAdver.swift */ = {isa = PBXFileReference; fileEncoding = 4; lastKnownFileType = sourcecode.swift; path = ZKZCircleAdver.swift; sourceTree = "<group>"; };
		3C5E49011DD4473400840D34 /* AnimatedImageView.swift */ = {isa = PBXFileReference; fileEncoding = 4; lastKnownFileType = sourcecode.swift; path = AnimatedImageView.swift; sourceTree = "<group>"; };
		3C5E49021DD4473400840D34 /* Box.swift */ = {isa = PBXFileReference; fileEncoding = 4; lastKnownFileType = sourcecode.swift; path = Box.swift; sourceTree = "<group>"; };
		3C5E49031DD4473400840D34 /* CacheSerializer.swift */ = {isa = PBXFileReference; fileEncoding = 4; lastKnownFileType = sourcecode.swift; path = CacheSerializer.swift; sourceTree = "<group>"; };
		3C5E49041DD4473400840D34 /* Filter.swift */ = {isa = PBXFileReference; fileEncoding = 4; lastKnownFileType = sourcecode.swift; path = Filter.swift; sourceTree = "<group>"; };
		3C5E49051DD4473400840D34 /* Image.swift */ = {isa = PBXFileReference; fileEncoding = 4; lastKnownFileType = sourcecode.swift; path = Image.swift; sourceTree = "<group>"; };
		3C5E49061DD4473400840D34 /* ImageCache.swift */ = {isa = PBXFileReference; fileEncoding = 4; lastKnownFileType = sourcecode.swift; path = ImageCache.swift; sourceTree = "<group>"; };
		3C5E49071DD4473400840D34 /* ImageDownloader.swift */ = {isa = PBXFileReference; fileEncoding = 4; lastKnownFileType = sourcecode.swift; path = ImageDownloader.swift; sourceTree = "<group>"; };
		3C5E49081DD4473400840D34 /* ImagePrefetcher.swift */ = {isa = PBXFileReference; fileEncoding = 4; lastKnownFileType = sourcecode.swift; path = ImagePrefetcher.swift; sourceTree = "<group>"; };
		3C5E49091DD4473400840D34 /* ImageProcessor.swift */ = {isa = PBXFileReference; fileEncoding = 4; lastKnownFileType = sourcecode.swift; path = ImageProcessor.swift; sourceTree = "<group>"; };
		3C5E490A1DD4473400840D34 /* ImageTransition.swift */ = {isa = PBXFileReference; fileEncoding = 4; lastKnownFileType = sourcecode.swift; path = ImageTransition.swift; sourceTree = "<group>"; };
		3C5E490B1DD4473400840D34 /* ImageView+Kingfisher.swift */ = {isa = PBXFileReference; fileEncoding = 4; lastKnownFileType = sourcecode.swift; path = "ImageView+Kingfisher.swift"; sourceTree = "<group>"; };
		3C5E490C1DD4473400840D34 /* Indicator.swift */ = {isa = PBXFileReference; fileEncoding = 4; lastKnownFileType = sourcecode.swift; path = Indicator.swift; sourceTree = "<group>"; };
		3C5E490D1DD4473400840D34 /* Kingfisher.h */ = {isa = PBXFileReference; fileEncoding = 4; lastKnownFileType = sourcecode.c.h; path = Kingfisher.h; sourceTree = "<group>"; };
		3C5E490E1DD4473400840D34 /* Kingfisher.swift */ = {isa = PBXFileReference; fileEncoding = 4; lastKnownFileType = sourcecode.swift; path = Kingfisher.swift; sourceTree = "<group>"; };
		3C5E490F1DD4473400840D34 /* KingfisherManager.swift */ = {isa = PBXFileReference; fileEncoding = 4; lastKnownFileType = sourcecode.swift; path = KingfisherManager.swift; sourceTree = "<group>"; };
		3C5E49101DD4473400840D34 /* KingfisherOptionsInfo.swift */ = {isa = PBXFileReference; fileEncoding = 4; lastKnownFileType = sourcecode.swift; path = KingfisherOptionsInfo.swift; sourceTree = "<group>"; };
		3C5E49111DD4473400840D34 /* RequrstModifier.swift */ = {isa = PBXFileReference; fileEncoding = 4; lastKnownFileType = sourcecode.swift; path = RequrstModifier.swift; sourceTree = "<group>"; };
		3C5E49121DD4473400840D34 /* Resource.swift */ = {isa = PBXFileReference; fileEncoding = 4; lastKnownFileType = sourcecode.swift; path = Resource.swift; sourceTree = "<group>"; };
		3C5E49131DD4473400840D34 /* String+MD5.swift */ = {isa = PBXFileReference; fileEncoding = 4; lastKnownFileType = sourcecode.swift; path = "String+MD5.swift"; sourceTree = "<group>"; };
		3C5E49141DD4473400840D34 /* ThreadHelper.swift */ = {isa = PBXFileReference; fileEncoding = 4; lastKnownFileType = sourcecode.swift; path = ThreadHelper.swift; sourceTree = "<group>"; };
		3C5E49151DD4473400840D34 /* UIButton+Kingfisher.swift */ = {isa = PBXFileReference; fileEncoding = 4; lastKnownFileType = sourcecode.swift; path = "UIButton+Kingfisher.swift"; sourceTree = "<group>"; };
		3C977D301DD5BFC20020E0B0 /* 1213.jpg */ = {isa = PBXFileReference; lastKnownFileType = image.jpeg; path = 1213.jpg; sourceTree = "<group>"; };
/* End PBXFileReference section */

/* Begin PBXFrameworksBuildPhase section */
		3C1021D51DD2BAB30053F537 /* Frameworks */ = {
			isa = PBXFrameworksBuildPhase;
			buildActionMask = 2147483647;
			files = (
			);
			runOnlyForDeploymentPostprocessing = 0;
		};
/* End PBXFrameworksBuildPhase section */

/* Begin PBXGroup section */
		3C1021CF1DD2BAB30053F537 = {
			isa = PBXGroup;
			children = (
				3C1021DA1DD2BAB30053F537 /* 广告滚动 */,
				3C1021D91DD2BAB30053F537 /* Products */,
			);
			sourceTree = "<group>";
		};
		3C1021D91DD2BAB30053F537 /* Products */ = {
			isa = PBXGroup;
			children = (
				3C1021D81DD2BAB30053F537 /* 广告滚动.app */,
			);
			name = Products;
			sourceTree = "<group>";
		};
		3C1021DA1DD2BAB30053F537 /* 广告滚动 */ = {
			isa = PBXGroup;
			children = (
				3C5E49001DD4473400840D34 /* Kingfisher */,
				3C1021DB1DD2BAB30053F537 /* AppDelegate.swift */,
				3C1021DD1DD2BAB30053F537 /* ViewController.swift */,
				3C977D301DD5BFC20020E0B0 /* 1213.jpg */,
				3C1021DF1DD2BAB30053F537 /* Main.storyboard */,
				3C1021E21DD2BAB30053F537 /* Assets.xcassets */,
				3C1021E41DD2BAB30053F537 /* LaunchScreen.storyboard */,
				3C1021E71DD2BAB30053F537 /* Info.plist */,
				3C1021ED1DD2BB1E0053F537 /* ZKZCircleAdver.swift */,
			);
			path = "广告滚动";
			sourceTree = "<group>";
		};
		3C5E49001DD4473400840D34 /* Kingfisher */ = {
			isa = PBXGroup;
			children = (
				3C5E49011DD4473400840D34 /* AnimatedImageView.swift */,
				3C5E49021DD4473400840D34 /* Box.swift */,
				3C5E49031DD4473400840D34 /* CacheSerializer.swift */,
				3C5E49041DD4473400840D34 /* Filter.swift */,
				3C5E49051DD4473400840D34 /* Image.swift */,
				3C5E49061DD4473400840D34 /* ImageCache.swift */,
				3C5E49071DD4473400840D34 /* ImageDownloader.swift */,
				3C5E49081DD4473400840D34 /* ImagePrefetcher.swift */,
				3C5E49091DD4473400840D34 /* ImageProcessor.swift */,
				3C5E490A1DD4473400840D34 /* ImageTransition.swift */,
				3C5E490B1DD4473400840D34 /* ImageView+Kingfisher.swift */,
				3C5E490C1DD4473400840D34 /* Indicator.swift */,
				3C5E490D1DD4473400840D34 /* Kingfisher.h */,
				3C5E490E1DD4473400840D34 /* Kingfisher.swift */,
				3C5E490F1DD4473400840D34 /* KingfisherManager.swift */,
				3C5E49101DD4473400840D34 /* KingfisherOptionsInfo.swift */,
				3C5E49111DD4473400840D34 /* RequrstModifier.swift */,
				3C5E49121DD4473400840D34 /* Resource.swift */,
				3C5E49131DD4473400840D34 /* String+MD5.swift */,
				3C5E49141DD4473400840D34 /* ThreadHelper.swift */,
				3C5E49151DD4473400840D34 /* UIButton+Kingfisher.swift */,
			);
			path = Kingfisher;
			sourceTree = "<group>";
		};
/* End PBXGroup section */

/* Begin PBXNativeTarget section */
		3C1021D71DD2BAB30053F537 /* 广告滚动 */ = {
			isa = PBXNativeTarget;
			buildConfigurationList = 3C1021EA1DD2BAB30053F537 /* Build configuration list for PBXNativeTarget "广告滚动" */;
			buildPhases = (
				3C1021D41DD2BAB30053F537 /* Sources */,
				3C1021D51DD2BAB30053F537 /* Frameworks */,
				3C1021D61DD2BAB30053F537 /* Resources */,
			);
			buildRules = (
			);
			dependencies = (
			);
			name = "广告滚动";
			productName = "广告滚动";
			productReference = 3C1021D81DD2BAB30053F537 /* 广告滚动.app */;
			productType = "com.apple.product-type.application";
		};
/* End PBXNativeTarget section */

/* Begin PBXProject section */
		3C1021D01DD2BAB30053F537 /* Project object */ = {
			isa = PBXProject;
			attributes = {
				LastSwiftUpdateCheck = 0800;
				LastUpgradeCheck = 0800;
				ORGANIZATIONNAME = rytong_zkz;
				TargetAttributes = {
					3C1021D71DD2BAB30053F537 = {
						CreatedOnToolsVersion = 8.0;
						DevelopmentTeam = MEZFUDYMHB;
						ProvisioningStyle = Automatic;
					};
				};
			};
			buildConfigurationList = 3C1021D31DD2BAB30053F537 /* Build configuration list for PBXProject "广告滚动" */;
			compatibilityVersion = "Xcode 3.2";
			developmentRegion = English;
			hasScannedForEncodings = 0;
			knownRegions = (
				en,
				Base,
			);
			mainGroup = 3C1021CF1DD2BAB30053F537;
			productRefGroup = 3C1021D91DD2BAB30053F537 /* Products */;
			projectDirPath = "";
			projectRoot = "";
			targets = (
				3C1021D71DD2BAB30053F537 /* 广告滚动 */,
			);
		};
/* End PBXProject section */

/* Begin PBXResourcesBuildPhase section */
		3C1021D61DD2BAB30053F537 /* Resources */ = {
			isa = PBXResourcesBuildPhase;
			buildActionMask = 2147483647;
			files = (
				3C977D311DD5BFC20020E0B0 /* 1213.jpg in Resources */,
				3C1021E61DD2BAB30053F537 /* LaunchScreen.storyboard in Resources */,
				3C1021E31DD2BAB30053F537 /* Assets.xcassets in Resources */,
				3C1021E11DD2BAB30053F537 /* Main.storyboard in Resources */,
			);
			runOnlyForDeploymentPostprocessing = 0;
		};
/* End PBXResourcesBuildPhase section */

/* Begin PBXSourcesBuildPhase section */
		3C1021D41DD2BAB30053F537 /* Sources */ = {
			isa = PBXSourcesBuildPhase;
			buildActionMask = 2147483647;
			files = (
				3C5E49191DD4473400840D34 /* Filter.swift in Sources */,
				3C5E491A1DD4473400840D34 /* Image.swift in Sources */,
				3C1021DE1DD2BAB30053F537 /* ViewController.swift in Sources */,
				3C5E491B1DD4473400840D34 /* ImageCache.swift in Sources */,
				3C5E49201DD4473400840D34 /* ImageView+Kingfisher.swift in Sources */,
				3C5E49251DD4473400840D34 /* RequrstModifier.swift in Sources */,
				3C5E49221DD4473400840D34 /* Kingfisher.swift in Sources */,
				3C5E49241DD4473400840D34 /* KingfisherOptionsInfo.swift in Sources */,
				3C1021EE1DD2BB1E0053F537 /* ZKZCircleAdver.swift in Sources */,
				3C5E49291DD4473400840D34 /* UIButton+Kingfisher.swift in Sources */,
				3C5E49271DD4473400840D34 /* String+MD5.swift in Sources */,
				3C1021DC1DD2BAB30053F537 /* AppDelegate.swift in Sources */,
				3C5E49281DD4473400840D34 /* ThreadHelper.swift in Sources */,
				3C5E491C1DD4473400840D34 /* ImageDownloader.swift in Sources */,
				3C5E49161DD4473400840D34 /* AnimatedImageView.swift in Sources */,
				3C5E491D1DD4473400840D34 /* ImagePrefetcher.swift in Sources */,
				3C5E49261DD4473400840D34 /* Resource.swift in Sources */,
				3C5E49181DD4473400840D34 /* CacheSerializer.swift in Sources */,
				3C5E491F1DD4473400840D34 /* ImageTransition.swift in Sources */,
				3C5E49231DD4473400840D34 /* KingfisherManager.swift in Sources */,
				3C5E491E1DD4473400840D34 /* ImageProcessor.swift in Sources */,
				3C5E49211DD4473400840D34 /* Indicator.swift in Sources */,
				3C5E49171DD4473400840D34 /* Box.swift in Sources */,
			);
			runOnlyForDeploymentPostprocessing = 0;
		};
/* End PBXSourcesBuildPhase section */

/* Begin PBXVariantGroup section */
		3C1021DF1DD2BAB30053F537 /* Main.storyboard */ = {
			isa = PBXVariantGroup;
			children = (
				3C1021E01DD2BAB30053F537 /* Base */,
			);
			name = Main.storyboard;
			sourceTree = "<group>";
		};
		3C1021E41DD2BAB30053F537 /* LaunchScreen.storyboard */ = {
			isa = PBXVariantGroup;
			children = (
				3C1021E51DD2BAB30053F537 /* Base */,
			);
			name = LaunchScreen.storyboard;
			sourceTree = "<group>";
		};
/* End PBXVariantGroup section */

/* Begin XCBuildConfiguration section */
		3C1021E81DD2BAB30053F537 /* Debug */ = {
			isa = XCBuildConfiguration;
			buildSettings = {
				ALWAYS_SEARCH_USER_PATHS = NO;
				CLANG_ANALYZER_NONNULL = YES;
				CLANG_CXX_LANGUAGE_STANDARD = "gnu++0x";
				CLANG_CXX_LIBRARY = "libc++";
				CLANG_ENABLE_MODULES = YES;
				CLANG_ENABLE_OBJC_ARC = YES;
				CLANG_WARN_BOOL_CONVERSION = YES;
				CLANG_WARN_CONSTANT_CONVERSION = YES;
				CLANG_WARN_DIRECT_OBJC_ISA_USAGE = YES_ERROR;
				CLANG_WARN_DOCUMENTATION_COMMENTS = YES;
				CLANG_WARN_EMPTY_BODY = YES;
				CLANG_WARN_ENUM_CONVERSION = YES;
				CLANG_WARN_INFINITE_RECURSION = YES;
				CLANG_WARN_INT_CONVERSION = YES;
				CLANG_WARN_OBJC_ROOT_CLASS = YES_ERROR;
				CLANG_WARN_SUSPICIOUS_MOVES = YES;
				CLANG_WARN_UNREACHABLE_CODE = YES;
				CLANG_WARN__DUPLICATE_METHOD_MATCH = YES;
				"CODE_SIGN_IDENTITY[sdk=iphoneos*]" = "iPhone Developer";
				COPY_PHASE_STRIP = NO;
				DEBUG_INFORMATION_FORMAT = dwarf;
				ENABLE_STRICT_OBJC_MSGSEND = YES;
				ENABLE_TESTABILITY = YES;
				GCC_C_LANGUAGE_STANDARD = gnu99;
				GCC_DYNAMIC_NO_PIC = NO;
				GCC_NO_COMMON_BLOCKS = YES;
				GCC_OPTIMIZATION_LEVEL = 0;
				GCC_PREPROCESSOR_DEFINITIONS = (
					"DEBUG=1",
					"$(inherited)",
				);
				GCC_WARN_64_TO_32_BIT_CONVERSION = YES;
				GCC_WARN_ABOUT_RETURN_TYPE = YES_ERROR;
				GCC_WARN_UNDECLARED_SELECTOR = YES;
				GCC_WARN_UNINITIALIZED_AUTOS = YES_AGGRESSIVE;
				GCC_WARN_UNUSED_FUNCTION = YES;
				GCC_WARN_UNUSED_VARIABLE = YES;
				IPHONEOS_DEPLOYMENT_TARGET = 10.0;
				MTL_ENABLE_DEBUG_INFO = YES;
				ONLY_ACTIVE_ARCH = YES;
				SDKROOT = iphoneos;
				SWIFT_ACTIVE_COMPILATION_CONDITIONS = DEBUG;
				SWIFT_OPTIMIZATION_LEVEL = "-Onone";
			};
			name = Debug;
		};
		3C1021E91DD2BAB30053F537 /* Release */ = {
			isa = XCBuildConfiguration;
			buildSettings = {
				ALWAYS_SEARCH_USER_PATHS = NO;
				CLANG_ANALYZER_NONNULL = YES;
				CLANG_CXX_LANGUAGE_STANDARD = "gnu++0x";
				CLANG_CXX_LIBRARY = "libc++";
				CLANG_ENABLE_MODULES = YES;
				CLANG_ENABLE_OBJC_ARC = YES;
				CLANG_WARN_BOOL_CONVERSION = YES;
				CLANG_WARN_CONSTANT_CONVERSION = YES;
				CLANG_WARN_DIRECT_OBJC_ISA_USAGE = YES_ERROR;
				CLANG_WARN_DOCUMENTATION_COMMENTS = YES;
				CLANG_WARN_EMPTY_BODY = YES;
				CLANG_WARN_ENUM_CONVERSION = YES;
				CLANG_WARN_INFINITE_RECURSION = YES;
				CLANG_WARN_INT_CONVERSION = YES;
				CLANG_WARN_OBJC_ROOT_CLASS = YES_ERROR;
				CLANG_WARN_SUSPICIOUS_MOVES = YES;
				CLANG_WARN_UNREACHABLE_CODE = YES;
				CLANG_WARN__DUPLICATE_METHOD_MATCH = YES;
				"CODE_SIGN_IDENTITY[sdk=iphoneos*]" = "iPhone Developer";
				COPY_PHASE_STRIP = NO;
				DEBUG_INFORMATION_FORMAT = "dwarf-with-dsym";
				ENABLE_NS_ASSERTIONS = NO;
				ENABLE_STRICT_OBJC_MSGSEND = YES;
				GCC_C_LANGUAGE_STANDARD = gnu99;
				GCC_NO_COMMON_BLOCKS = YES;
				GCC_WARN_64_TO_32_BIT_CONVERSION = YES;
				GCC_WARN_ABOUT_RETURN_TYPE = YES_ERROR;
				GCC_WARN_UNDECLARED_SELECTOR = YES;
				GCC_WARN_UNINITIALIZED_AUTOS = YES_AGGRESSIVE;
				GCC_WARN_UNUSED_FUNCTION = YES;
				GCC_WARN_UNUSED_VARIABLE = YES;
				IPHONEOS_DEPLOYMENT_TARGET = 10.0;
				MTL_ENABLE_DEBUG_INFO = NO;
				SDKROOT = iphoneos;
				SWIFT_OPTIMIZATION_LEVEL = "-Owholemodule";
				VALIDATE_PRODUCT = YES;
			};
			name = Release;
		};
		3C1021EB1DD2BAB30053F537 /* Debug */ = {
			isa = XCBuildConfiguration;
			buildSettings = {
				ASSETCATALOG_COMPILER_APPICON_NAME = AppIcon;
				DEVELOPMENT_TEAM = MEZFUDYMHB;
				INFOPLIST_FILE = "广告滚动/Info.plist";
				IPHONEOS_DEPLOYMENT_TARGET = 8.3;
				LD_RUNPATH_SEARCH_PATHS = "$(inherited) @executable_path/Frameworks";
				PRODUCT_BUNDLE_IDENTIFIER = "com.rytong.----";
				PRODUCT_NAME = "$(TARGET_NAME)";
				SWIFT_VERSION = 3.0;
			};
			name = Debug;
		};
		3C1021EC1DD2BAB30053F537 /* Release */ = {
			isa = XCBuildConfiguration;
			buildSettings = {
				ASSETCATALOG_COMPILER_APPICON_NAME = AppIcon;
				DEVELOPMENT_TEAM = MEZFUDYMHB;
				INFOPLIST_FILE = "广告滚动/Info.plist";
				IPHONEOS_DEPLOYMENT_TARGET = 8.3;
				LD_RUNPATH_SEARCH_PATHS = "$(inherited) @executable_path/Frameworks";
				PRODUCT_BUNDLE_IDENTIFIER = "com.rytong.----";
				PRODUCT_NAME = "$(TARGET_NAME)";
				SWIFT_VERSION = 3.0;
			};
			name = Release;
		};
/* End XCBuildConfiguration section */

/* Begin XCConfigurationList section */
		3C1021D31DD2BAB30053F537 /* Build configuration list for PBXProject "广告滚动" */ = {
			isa = XCConfigurationList;
			buildConfigurations = (
				3C1021E81DD2BAB30053F537 /* Debug */,
				3C1021E91DD2BAB30053F537 /* Release */,
			);
			defaultConfigurationIsVisible = 0;
			defaultConfigurationName = Release;
		};
		3C1021EA1DD2BAB30053F537 /* Build configuration list for PBXNativeTarget "广告滚动" */ = {
			isa = XCConfigurationList;
			buildConfigurations = (
				3C1021EB1DD2BAB30053F537 /* Debug */,
				3C1021EC1DD2BAB30053F537 /* Release */,
			);
			defaultConfigurationIsVisible = 0;
			defaultConfigurationName = Release;
		};
/* End XCConfigurationList section */
	};
	rootObject = 3C1021D01DD2BAB30053F537 /* Project object */;
}
